
Microsoft Visual Studio Solution File, Format Version 12.00
# Visual Studio 15
VisualStudioVersion = 15.0.28307.1500
MinimumVisualStudioVersion = 10.0.40219.1
Project("{FAE04EC0-301F-11D3-BF4B-00C04F79EFBC}") = "RoomManageClient", "RoomManageClient.csproj", "{6D57A4E2-9228-482A-A11C-A6B0985D6B5B}"
EndProject
Global
	GlobalSection(SolutionConfigurationPlatforms) = preSolution
		Debug|Any CPU = Debug|Any CPU
		Release|Any CPU = Release|Any CPU
	EndGlobalSection
	GlobalSection(ProjectConfigurationPlatforms) = postSolution
		{6D57A4E2-9228-482A-A11C-A6B0985D6B5B}.Debug|Any CPU.ActiveCfg = Debug|Any CPU
		{6D57A4E2-9228-482A-A11C-A6B0985D6B5B}.Debug|Any CPU.Build.0 = Debug|Any CPU
		{6D57A4E2-9228-482A-A11C-A6B0985D6B5B}.Release|Any CPU.ActiveCfg = Release|Any CPU
		{6D57A4E2-9228-482A-A11C-A6B0985D6B5B}.Release|Any CPU.Build.0 = Release|Any CPU
	EndGlobalSection
	GlobalSection(SolutionProperties) = preSolution
		HideSolutionNode = FALSE
	EndGlobalSection
	GlobalSection(ExtensibilityGlobals) = postSolution
		SolutionGuid = {7D592C55-A606-457E-B379-034A187F1E58}
	EndGlobalSection
EndGlobal
